
Microsoft Visual Studio Solution File, Format Version 12.00
Project("{FAE04EC0-301F-11D3-BF4B-00C04F79EFBC}") = "cc-gen", "cc-gen\cc-gen.csproj", "{8BE39E1A-4E2E-434E-A764-E125246DC7B8}"
EndProject
Project("{FAE04EC0-301F-11D3-BF4B-00C04F79EFBC}") = "cc-gen.tests", "cc-gen.tests\cc-gen.tests.csproj", "{78E23272-05CB-4FCD-9AE8-CFD158FF73A5}"
EndProject
Project("{2150E333-8FDC-42A3-9474-1A3956D46DE8}") = "misc", "misc", "{7E30A818-2618-4AB0-ABFB-C070E6138FDD}"
	ProjectSection(SolutionItems) = preProject
		.gitignore = .gitignore
		cc-gen.sln = cc-gen.sln
		README.md = README.md
		LICENSE = LICENSE
	EndProjectSection
EndProject
Global
	GlobalSection(SolutionConfigurationPlatforms) = preSolution
		Debug|Any CPU = Debug|Any CPU
		Release|Any CPU = Release|Any CPU
	EndGlobalSection
	GlobalSection(ProjectConfigurationPlatforms) = postSolution
		{8BE39E1A-4E2E-434E-A764-E125246DC7B8}.Debug|Any CPU.ActiveCfg = Debug|Any CPU
		{8BE39E1A-4E2E-434E-A764-E125246DC7B8}.Debug|Any CPU.Build.0 = Debug|Any CPU
		{8BE39E1A-4E2E-434E-A764-E125246DC7B8}.Release|Any CPU.ActiveCfg = Release|Any CPU
		{8BE39E1A-4E2E-434E-A764-E125246DC7B8}.Release|Any CPU.Build.0 = Release|Any CPU
		{78E23272-05CB-4FCD-9AE8-CFD158FF73A5}.Debug|Any CPU.ActiveCfg = Debug|Any CPU
		{78E23272-05CB-4FCD-9AE8-CFD158FF73A5}.Debug|Any CPU.Build.0 = Debug|Any CPU
		{78E23272-05CB-4FCD-9AE8-CFD158FF73A5}.Release|Any CPU.ActiveCfg = Release|Any CPU
		{78E23272-05CB-4FCD-9AE8-CFD158FF73A5}.Release|Any CPU.Build.0 = Release|Any CPU
	EndGlobalSection
EndGlobal
